
Microsoft Visual Studio Solution File, Format Version 12.00
# Visual Studio Version 17
VisualStudioVersion = 17.10.34928.147
MinimumVisualStudioVersion = 10.0.40219.1
Project("{2150E333-8FDC-42A3-9474-1A3956D46DE8}") = "Misc", "Misc", "{4C6F2268-DBAC-4268-A99E-AC1AB6AADDDB}"
	ProjectSection(SolutionItems) = preProject
		Directory.Build.props = Directory.Build.props
	EndProjectSection
EndProject
Project("{9A19103F-16F7-4668-BE54-9A1E7A4F7556}") = "Gibbed.Buffers", "projects\Gibbed.Buffers\Gibbed.Buffers.csproj", "{F1CD5C7F-86E3-45D1-B7BC-D24DDC92AF38}"
EndProject
Project("{9A19103F-16F7-4668-BE54-9A1E7A4F7556}") = "Gibbed.EFX.Export", "projects\Gibbed.EFX.Export\Gibbed.EFX.Export.csproj", "{039A2570-1C8F-4C61-9F6A-58A93AEC9391}"
EndProject
Project("{9A19103F-16F7-4668-BE54-9A1E7A4F7556}") = "Gibbed.EFX.FileFormats", "projects\Gibbed.EFX.FileFormats\Gibbed.EFX.FileFormats.csproj", "{4DF27F8A-EE59-4B9B-813D-393573B5B55C}"
EndProject
Project("{9A19103F-16F7-4668-BE54-9A1E7A4F7556}") = "Gibbed.EFX.Test", "projects\Gibbed.EFX.Test\Gibbed.EFX.Test.csproj", "{9D4E1D35-4E7C-47AA-A786-8E1D63345CE1}"
EndProject
Project("{9A19103F-16F7-4668-BE54-9A1E7A4F7556}") = "Gibbed.Memory", "projects\Gibbed.Memory\Gibbed.Memory.csproj", "{C1403947-F79D-4BEC-9B11-09E6E5E8722A}"
EndProject
Project("{9A19103F-16F7-4668-BE54-9A1E7A4F7556}") = "NDesk.Options", "projects\NDesk.Options\NDesk.Options.csproj", "{BBDAFD87-E744-496E-BD0F-F253E7797748}"
EndProject
Project("{9A19103F-16F7-4668-BE54-9A1E7A4F7556}") = "Tommy", "projects\Tommy\Tommy\Tommy.csproj", "{F4C7B646-41B6-4EDD-A3E1-53BD4934822B}"
EndProject
Project("{9A19103F-16F7-4668-BE54-9A1E7A4F7556}") = "Tommy.Extensions", "projects\Tommy\Tommy.Extensions\Tommy.Extensions.csproj", "{C0543E7C-9C20-4F82-90D7-F8113EF06408}"
EndProject
Global
	GlobalSection(SolutionConfigurationPlatforms) = preSolution
		Debug|Any CPU = Debug|Any CPU
		Release|Any CPU = Release|Any CPU
	EndGlobalSection
	GlobalSection(ProjectConfigurationPlatforms) = postSolution
		{039A2570-1C8F-4C61-9F6A-58A93AEC9391}.Debug|Any CPU.ActiveCfg = Debug|Any CPU
		{039A2570-1C8F-4C61-9F6A-58A93AEC9391}.Debug|Any CPU.Build.0 = Debug|Any CPU
		{039A2570-1C8F-4C61-9F6A-58A93AEC9391}.Release|Any CPU.ActiveCfg = Release|Any CPU
		{039A2570-1C8F-4C61-9F6A-58A93AEC9391}.Release|Any CPU.Build.0 = Release|Any CPU
		{4DF27F8A-EE59-4B9B-813D-393573B5B55C}.Debug|Any CPU.ActiveCfg = Debug|Any CPU
		{4DF27F8A-EE59-4B9B-813D-393573B5B55C}.Debug|Any CPU.Build.0 = Debug|Any CPU
		{4DF27F8A-EE59-4B9B-813D-393573B5B55C}.Release|Any CPU.ActiveCfg = Release|Any CPU
		{4DF27F8A-EE59-4B9B-813D-393573B5B55C}.Release|Any CPU.Build.0 = Release|Any CPU
		{9D4E1D35-4E7C-47AA-A786-8E1D63345CE1}.Debug|Any CPU.ActiveCfg = Debug|Any CPU
		{9D4E1D35-4E7C-47AA-A786-8E1D63345CE1}.Debug|Any CPU.Build.0 = Debug|Any CPU
		{9D4E1D35-4E7C-47AA-A786-8E1D63345CE1}.Release|Any CPU.ActiveCfg = Release|Any CPU
		{9D4E1D35-4E7C-47AA-A786-8E1D63345CE1}.Release|Any CPU.Build.0 = Release|Any CPU
		{BBDAFD87-E744-496E-BD0F-F253E7797748}.Debug|Any CPU.ActiveCfg = Debug|Any CPU
		{BBDAFD87-E744-496E-BD0F-F253E7797748}.Debug|Any CPU.Build.0 = Debug|Any CPU
		{BBDAFD87-E744-496E-BD0F-F253E7797748}.Release|Any CPU.ActiveCfg = Release|Any CPU
		{BBDAFD87-E744-496E-BD0F-F253E7797748}.Release|Any CPU.Build.0 = Release|Any CPU
		{C0543E7C-9C20-4F82-90D7-F8113EF06408}.Debug|Any CPU.ActiveCfg = Debug|Any CPU
		{C0543E7C-9C20-4F82-90D7-F8113EF06408}.Debug|Any CPU.Build.0 = Debug|Any CPU
		{C0543E7C-9C20-4F82-90D7-F8113EF06408}.Release|Any CPU.ActiveCfg = Release|Any CPU
		{C0543E7C-9C20-4F82-90D7-F8113EF06408}.Release|Any CPU.Build.0 = Release|Any CPU
		{C1403947-F79D-4BEC-9B11-09E6E5E8722A}.Debug|Any CPU.ActiveCfg = Debug|Any CPU
		{C1403947-F79D-4BEC-9B11-09E6E5E8722A}.Debug|Any CPU.Build.0 = Debug|Any CPU
		{C1403947-F79D-4BEC-9B11-09E6E5E8722A}.Release|Any CPU.ActiveCfg = Release|Any CPU
		{C1403947-F79D-4BEC-9B11-09E6E5E8722A}.Release|Any CPU.Build.0 = Release|Any CPU
		{F1CD5C7F-86E3-45D1-B7BC-D24DDC92AF38}.Debug|Any CPU.ActiveCfg = Debug|Any CPU
		{F1CD5C7F-86E3-45D1-B7BC-D24DDC92AF38}.Debug|Any CPU.Build.0 = Debug|Any CPU
		{F1CD5C7F-86E3-45D1-B7BC-D24DDC92AF38}.Release|Any CPU.ActiveCfg = Release|Any CPU
		{F1CD5C7F-86E3-45D1-B7BC-D24DDC92AF38}.Release|Any CPU.Build.0 = Release|Any CPU
		{F4C7B646-41B6-4EDD-A3E1-53BD4934822B}.Debug|Any CPU.ActiveCfg = Debug|Any CPU
		{F4C7B646-41B6-4EDD-A3E1-53BD4934822B}.Debug|Any CPU.Build.0 = Debug|Any CPU
		{F4C7B646-41B6-4EDD-A3E1-53BD4934822B}.Release|Any CPU.ActiveCfg = Release|Any CPU
		{F4C7B646-41B6-4EDD-A3E1-53BD4934822B}.Release|Any CPU.Build.0 = Release|Any CPU
	EndGlobalSection
	GlobalSection(SolutionProperties) = preSolution
		HideSolutionNode = FALSE
	EndGlobalSection
	GlobalSection(NestedProjects) = preSolution
		{BBDAFD87-E744-496E-BD0F-F253E7797748} = {4C6F2268-DBAC-4268-A99E-AC1AB6AADDDB}
		{C0543E7C-9C20-4F82-90D7-F8113EF06408} = {4C6F2268-DBAC-4268-A99E-AC1AB6AADDDB}
		{C1403947-F79D-4BEC-9B11-09E6E5E8722A} = {4C6F2268-DBAC-4268-A99E-AC1AB6AADDDB}
		{F1CD5C7F-86E3-45D1-B7BC-D24DDC92AF38} = {4C6F2268-DBAC-4268-A99E-AC1AB6AADDDB}
		{F4C7B646-41B6-4EDD-A3E1-53BD4934822B} = {4C6F2268-DBAC-4268-A99E-AC1AB6AADDDB}
	EndGlobalSection
	GlobalSection(ExtensibilityGlobals) = postSolution
		SolutionGuid = {C80DE60D-4CA2-4F4D-B1D9-B71072A8CF17}
	EndGlobalSection
EndGlobal
